
Microsoft Visual Studio Solution File, Format Version 12.00
# Visual Studio Version 16
VisualStudioVersion = 16.0.30711.63
MinimumVisualStudioVersion = 10.0.40219.1
Project("{FAE04EC0-301F-11D3-BF4B-00C04F79EFBC}") = "SimpleNetFxLibrary", "SimpleNetFxLibrary\SimpleNetFxLibrary.csproj", "{1C58282D-F73E-41E3-A135-0FC245DEA916}"
EndProject
Global
	GlobalSection(SolutionConfigurationPlatforms) = preSolution
		Debug|Any CPU = Debug|Any CPU
		Release|Any CPU = Release|Any CPU
	EndGlobalSection
	GlobalSection(ProjectConfigurationPlatforms) = postSolution
		{1C58282D-F73E-41E3-A135-0FC245DEA916}.Debug|Any CPU.ActiveCfg = Debug|Any CPU
		{1C58282D-F73E-41E3-A135-0FC245DEA916}.Debug|Any CPU.Build.0 = Debug|Any CPU
		{1C58282D-F73E-41E3-A135-0FC245DEA916}.Release|Any CPU.ActiveCfg = Release|Any CPU
		{1C58282D-F73E-41E3-A135-0FC245DEA916}.Release|Any CPU.Build.0 = Release|Any CPU
	EndGlobalSection
	GlobalSection(SolutionProperties) = preSolution
		HideSolutionNode = FALSE
	EndGlobalSection
	GlobalSection(ExtensibilityGlobals) = postSolution
		SolutionGuid = {D62D780F-9E7F-4D79-B0D2-B0F53D0ABFEF}
	EndGlobalSection
EndGlobal
