
Microsoft Visual Studio Solution File, Format Version 12.00
# Visual Studio Version 16
VisualStudioVersion = 16.0.30711.63
MinimumVisualStudioVersion = 10.0.40219.1
Project("{FAE04EC0-301F-11D3-BF4B-00C04F79EFBC}") = "ComplexNetFxLibrary", "ComplexNetFxLibrary\ComplexNetFxLibrary.csproj", "{BC10E4BE-B9B3-4FF3-9B53-5BC8EBD71BB0}"
EndProject
Global
	GlobalSection(SolutionConfigurationPlatforms) = preSolution
		Debug|Any CPU = Debug|Any CPU
		Release|Any CPU = Release|Any CPU
	EndGlobalSection
	GlobalSection(ProjectConfigurationPlatforms) = postSolution
		{BC10E4BE-B9B3-4FF3-9B53-5BC8EBD71BB0}.Debug|Any CPU.ActiveCfg = Debug|Any CPU
		{BC10E4BE-B9B3-4FF3-9B53-5BC8EBD71BB0}.Debug|Any CPU.Build.0 = Debug|Any CPU
		{BC10E4BE-B9B3-4FF3-9B53-5BC8EBD71BB0}.Release|Any CPU.ActiveCfg = Release|Any CPU
		{BC10E4BE-B9B3-4FF3-9B53-5BC8EBD71BB0}.Release|Any CPU.Build.0 = Release|Any CPU
	EndGlobalSection
	GlobalSection(SolutionProperties) = preSolution
		HideSolutionNode = FALSE
	EndGlobalSection
	GlobalSection(ExtensibilityGlobals) = postSolution
		SolutionGuid = {E41D6699-A3DE-420B-A861-70E145EFBF88}
	EndGlobalSection
EndGlobal
